{
  "lockfile_version": "1",
  "packages": {
    "bash@latest": {
      "last_modified": "2023-06-29T16:20:38Z",
      "resolved": "github:NixOS/nixpkgs/3c614fbc76fc152f3e1bc4b2263da6d90adf80fb#bash",
      "version": "5.2-p15"
    },
    "clang@latest": {
      "last_modified": "2023-06-29T16:20:38Z",
      "resolved": "github:NixOS/nixpkgs/3c614fbc76fc152f3e1bc4b2263da6d90adf80fb#clang",
      "version": "11.1.0"
    },
    "cmake@latest": {
      "last_modified": "2023-06-29T16:20:38Z",
      "resolved": "github:NixOS/nixpkgs/3c614fbc76fc152f3e1bc4b2263da6d90adf80fb#cmake",
      "version": "3.26.4"
    },
    "flutter@latest": {
      "last_modified": "2023-03-31T22:52:29Z",
      "resolved": "github:NixOS/nixpkgs/242246ee1e58f54d2322227fc5eef53b4a616a31#flutter",
      "version": "3.3.8"
    },
    "glibcLocales@latest": {
      "last_modified": "2023-06-29T16:20:38Z",
      "resolved": "github:NixOS/nixpkgs/3c614fbc76fc152f3e1bc4b2263da6d90adf80fb#glibcLocales",
      "version": "2.37-8"
    },
    "gtk3@latest": {
      "last_modified": "2023-06-29T16:20:38Z",
      "resolved": "github:NixOS/nixpkgs/3c614fbc76fc152f3e1bc4b2263da6d90adf80fb#gtk3",
      "version": "3.24.38"
    },
    "libiconv@latest": {
      "last_modified": "2023-06-29T16:20:38Z",
      "resolved": "github:NixOS/nixpkgs/3c614fbc76fc152f3e1bc4b2263da6d90adf80fb#libiconv",
      "version": "2.37"
    },
    "ninja@latest": {
      "last_modified": "2023-06-29T16:20:38Z",
      "resolved": "github:NixOS/nixpkgs/3c614fbc76fc152f3e1bc4b2263da6d90adf80fb#ninja",
      "version": "1.11.1"
    },
    "pkg-config@latest": {
      "last_modified": "2023-06-29T16:20:38Z",
      "resolved": "github:NixOS/nixpkgs/3c614fbc76fc152f3e1bc4b2263da6d90adf80fb#pkg-config",
      "version": "0.29.2"
    },
    "rustup@latest": {
      "last_modified": "2023-06-29T16:20:38Z",
      "plugin_version": "0.0.1",
      "resolved": "github:NixOS/nixpkgs/3c614fbc76fc152f3e1bc4b2263da6d90adf80fb#rustup",
      "version": "1.26.0"
    },
    "unzip@latest": {
      "last_modified": "2023-06-29T16:20:38Z",
      "resolved": "github:NixOS/nixpkgs/3c614fbc76fc152f3e1bc4b2263da6d90adf80fb#unzip",
      "version": "6.0"
    },
    "zip@latest": {
      "last_modified": "2023-06-29T16:20:38Z",
      "resolved": "github:NixOS/nixpkgs/3c614fbc76fc152f3e1bc4b2263da6d90adf80fb#zip",
      "version": "3.0"
    }
  }
}